
Microsoft Visual Studio Solution File, Format Version 12.00
# Visual Studio Version 17
VisualStudioVersion = 17.0.31912.275
MinimumVisualStudioVersion = 10.0.40219.1
Project("{FAE04EC0-301F-11D3-BF4B-00C04F79EFBC}") = "ServiceLoaderMedpomData", "ServiceLoaderMedpomData\ServiceLoaderMedpomData.csproj", "{AFBC0326-EFD5-4737-A7D9-3784B9AC58A4}"
EndProject
Project("{FAE04EC0-301F-11D3-BF4B-00C04F79EFBC}") = "MedpomService", "MedpomService\MedpomService.csproj", "{8FA37AC4-DFDB-416D-9AD7-9A04D0800F24}"
EndProject
Project("{FAE04EC0-301F-11D3-BF4B-00C04F79EFBC}") = "ExcelManager", "ExcelManager\ExcelManager.csproj", "{951DB272-F346-4DDF-9743-742734E1385E}"
EndProject
Project("{FAE04EC0-301F-11D3-BF4B-00C04F79EFBC}") = "ClientServiceWPF", "ClientServiceWPF\ClientServiceWPF.csproj", "{7802ED26-3080-4F93-99A4-120E65BB5AB6}"
EndProject
Project("{FAE04EC0-301F-11D3-BF4B-00C04F79EFBC}") = "ServiceLoaderMedpomDataTests", "ServiceLoaderMedpomDataTests\ServiceLoaderMedpomDataTests.csproj", "{AEC91D41-3307-4795-B942-BA4AB11E84B7}"
EndProject
Project("{FAE04EC0-301F-11D3-BF4B-00C04F79EFBC}") = "MYBDOracle", "MYBDOracleNEW\MYBDOracle.csproj", "{3DD4AA19-7FF0-4853-A860-2B45EA282DB1}"
EndProject
Project("{2150E333-8FDC-42A3-9474-1A3956D46DE8}") = "Solution Items", "Solution Items", "{9024CB7B-D905-455D-B3BE-74815E205A7A}"
	ProjectSection(SolutionItems) = preProject
		.editorconfig = .editorconfig
	EndProjectSection
EndProject
Project("{FAE04EC0-301F-11D3-BF4B-00C04F79EFBC}") = "TFOMSCustomControl", "..\TFOMSCustomControl\TFOMSCustomControl\TFOMSCustomControl.csproj", "{6B235AED-0400-4D7D-ACCA-C5AC8E871A2B}"
EndProject
Global
	GlobalSection(SolutionConfigurationPlatforms) = preSolution
		CD_ROM|Any CPU = CD_ROM|Any CPU
		CD_ROM|Mixed Platforms = CD_ROM|Mixed Platforms
		CD_ROM|x86 = CD_ROM|x86
		Debug|Any CPU = Debug|Any CPU
		Debug|Mixed Platforms = Debug|Mixed Platforms
		Debug|x86 = Debug|x86
		DVD-5|Any CPU = DVD-5|Any CPU
		DVD-5|Mixed Platforms = DVD-5|Mixed Platforms
		DVD-5|x86 = DVD-5|x86
		Release|Any CPU = Release|Any CPU
		Release|Mixed Platforms = Release|Mixed Platforms
		Release|x86 = Release|x86
		SingleImage|Any CPU = SingleImage|Any CPU
		SingleImage|Mixed Platforms = SingleImage|Mixed Platforms
		SingleImage|x86 = SingleImage|x86
	EndGlobalSection
	GlobalSection(ProjectConfigurationPlatforms) = postSolution
		{AFBC0326-EFD5-4737-A7D9-3784B9AC58A4}.CD_ROM|Any CPU.ActiveCfg = Release|Any CPU
		{AFBC0326-EFD5-4737-A7D9-3784B9AC58A4}.CD_ROM|Any CPU.Build.0 = Release|Any CPU
		{AFBC0326-EFD5-4737-A7D9-3784B9AC58A4}.CD_ROM|Mixed Platforms.ActiveCfg = Release|Any CPU
		{AFBC0326-EFD5-4737-A7D9-3784B9AC58A4}.CD_ROM|Mixed Platforms.Build.0 = Release|Any CPU
		{AFBC0326-EFD5-4737-A7D9-3784B9AC58A4}.CD_ROM|x86.ActiveCfg = Release|Any CPU
		{AFBC0326-EFD5-4737-A7D9-3784B9AC58A4}.CD_ROM|x86.Build.0 = Release|Any CPU
		{AFBC0326-EFD5-4737-A7D9-3784B9AC58A4}.Debug|Any CPU.ActiveCfg = Debug|Any CPU
		{AFBC0326-EFD5-4737-A7D9-3784B9AC58A4}.Debug|Any CPU.Build.0 = Debug|Any CPU
		{AFBC0326-EFD5-4737-A7D9-3784B9AC58A4}.Debug|Mixed Platforms.ActiveCfg = Debug|Any CPU
		{AFBC0326-EFD5-4737-A7D9-3784B9AC58A4}.Debug|Mixed Platforms.Build.0 = Debug|Any CPU
		{AFBC0326-EFD5-4737-A7D9-3784B9AC58A4}.Debug|x86.ActiveCfg = Debug|Any CPU
		{AFBC0326-EFD5-4737-A7D9-3784B9AC58A4}.DVD-5|Any CPU.ActiveCfg = Debug|Any CPU
		{AFBC0326-EFD5-4737-A7D9-3784B9AC58A4}.DVD-5|Any CPU.Build.0 = Debug|Any CPU
		{AFBC0326-EFD5-4737-A7D9-3784B9AC58A4}.DVD-5|Mixed Platforms.ActiveCfg = Debug|Any CPU
		{AFBC0326-EFD5-4737-A7D9-3784B9AC58A4}.DVD-5|Mixed Platforms.Build.0 = Debug|Any CPU
		{AFBC0326-EFD5-4737-A7D9-3784B9AC58A4}.DVD-5|x86.ActiveCfg = Debug|Any CPU
		{AFBC0326-EFD5-4737-A7D9-3784B9AC58A4}.DVD-5|x86.Build.0 = Debug|Any CPU
		{AFBC0326-EFD5-4737-A7D9-3784B9AC58A4}.Release|Any CPU.ActiveCfg = Release|Any CPU
		{AFBC0326-EFD5-4737-A7D9-3784B9AC58A4}.Release|Any CPU.Build.0 = Release|Any CPU
		{AFBC0326-EFD5-4737-A7D9-3784B9AC58A4}.Release|Mixed Platforms.ActiveCfg = Release|Any CPU
		{AFBC0326-EFD5-4737-A7D9-3784B9AC58A4}.Release|Mixed Platforms.Build.0 = Release|Any CPU
		{AFBC0326-EFD5-4737-A7D9-3784B9AC58A4}.Release|x86.ActiveCfg = Release|Any CPU
		{AFBC0326-EFD5-4737-A7D9-3784B9AC58A4}.SingleImage|Any CPU.ActiveCfg = Release|Any CPU
		{AFBC0326-EFD5-4737-A7D9-3784B9AC58A4}.SingleImage|Any CPU.Build.0 = Release|Any CPU
		{AFBC0326-EFD5-4737-A7D9-3784B9AC58A4}.SingleImage|Mixed Platforms.ActiveCfg = Release|Any CPU
		{AFBC0326-EFD5-4737-A7D9-3784B9AC58A4}.SingleImage|Mixed Platforms.Build.0 = Release|Any CPU
		{AFBC0326-EFD5-4737-A7D9-3784B9AC58A4}.SingleImage|x86.ActiveCfg = Release|Any CPU
		{AFBC0326-EFD5-4737-A7D9-3784B9AC58A4}.SingleImage|x86.Build.0 = Release|Any CPU
		{8FA37AC4-DFDB-416D-9AD7-9A04D0800F24}.CD_ROM|Any CPU.ActiveCfg = Release|x86
		{8FA37AC4-DFDB-416D-9AD7-9A04D0800F24}.CD_ROM|Any CPU.Build.0 = Release|x86
		{8FA37AC4-DFDB-416D-9AD7-9A04D0800F24}.CD_ROM|Mixed Platforms.ActiveCfg = Release|x86
		{8FA37AC4-DFDB-416D-9AD7-9A04D0800F24}.CD_ROM|Mixed Platforms.Build.0 = Release|x86
		{8FA37AC4-DFDB-416D-9AD7-9A04D0800F24}.CD_ROM|x86.ActiveCfg = Release|x86
		{8FA37AC4-DFDB-416D-9AD7-9A04D0800F24}.CD_ROM|x86.Build.0 = Release|x86
		{8FA37AC4-DFDB-416D-9AD7-9A04D0800F24}.Debug|Any CPU.ActiveCfg = Debug|x86
		{8FA37AC4-DFDB-416D-9AD7-9A04D0800F24}.Debug|Mixed Platforms.ActiveCfg = Debug|x86
		{8FA37AC4-DFDB-416D-9AD7-9A04D0800F24}.Debug|Mixed Platforms.Build.0 = Debug|x86
		{8FA37AC4-DFDB-416D-9AD7-9A04D0800F24}.Debug|x86.ActiveCfg = Debug|x86
		{8FA37AC4-DFDB-416D-9AD7-9A04D0800F24}.Debug|x86.Build.0 = Debug|x86
		{8FA37AC4-DFDB-416D-9AD7-9A04D0800F24}.DVD-5|Any CPU.ActiveCfg = Release|x86
		{8FA37AC4-DFDB-416D-9AD7-9A04D0800F24}.DVD-5|Any CPU.Build.0 = Release|x86
		{8FA37AC4-DFDB-416D-9AD7-9A04D0800F24}.DVD-5|Mixed Platforms.ActiveCfg = Debug|x86
		{8FA37AC4-DFDB-416D-9AD7-9A04D0800F24}.DVD-5|Mixed Platforms.Build.0 = Debug|x86
		{8FA37AC4-DFDB-416D-9AD7-9A04D0800F24}.DVD-5|x86.ActiveCfg = Debug|x86
		{8FA37AC4-DFDB-416D-9AD7-9A04D0800F24}.DVD-5|x86.Build.0 = Debug|x86
		{8FA37AC4-DFDB-416D-9AD7-9A04D0800F24}.Release|Any CPU.ActiveCfg = Release|x86
		{8FA37AC4-DFDB-416D-9AD7-9A04D0800F24}.Release|Mixed Platforms.ActiveCfg = Release|x86
		{8FA37AC4-DFDB-416D-9AD7-9A04D0800F24}.Release|Mixed Platforms.Build.0 = Release|x86
		{8FA37AC4-DFDB-416D-9AD7-9A04D0800F24}.Release|x86.ActiveCfg = Release|x86
		{8FA37AC4-DFDB-416D-9AD7-9A04D0800F24}.Release|x86.Build.0 = Release|x86
		{8FA37AC4-DFDB-416D-9AD7-9A04D0800F24}.SingleImage|Any CPU.ActiveCfg = Release|x86
		{8FA37AC4-DFDB-416D-9AD7-9A04D0800F24}.SingleImage|Any CPU.Build.0 = Release|x86
		{8FA37AC4-DFDB-416D-9AD7-9A04D0800F24}.SingleImage|Mixed Platforms.ActiveCfg = Release|x86
		{8FA37AC4-DFDB-416D-9AD7-9A04D0800F24}.SingleImage|Mixed Platforms.Build.0 = Release|x86
		{8FA37AC4-DFDB-416D-9AD7-9A04D0800F24}.SingleImage|x86.ActiveCfg = Release|x86
		{8FA37AC4-DFDB-416D-9AD7-9A04D0800F24}.SingleImage|x86.Build.0 = Release|x86
		{951DB272-F346-4DDF-9743-742734E1385E}.CD_ROM|Any CPU.ActiveCfg = Release|Any CPU
		{951DB272-F346-4DDF-9743-742734E1385E}.CD_ROM|Any CPU.Build.0 = Release|Any CPU
		{951DB272-F346-4DDF-9743-742734E1385E}.CD_ROM|Mixed Platforms.ActiveCfg = Release|Any CPU
		{951DB272-F346-4DDF-9743-742734E1385E}.CD_ROM|Mixed Platforms.Build.0 = Release|Any CPU
		{951DB272-F346-4DDF-9743-742734E1385E}.CD_ROM|x86.ActiveCfg = Release|Any CPU
		{951DB272-F346-4DDF-9743-742734E1385E}.CD_ROM|x86.Build.0 = Release|Any CPU
		{951DB272-F346-4DDF-9743-742734E1385E}.Debug|Any CPU.ActiveCfg = Debug|Any CPU
		{951DB272-F346-4DDF-9743-742734E1385E}.Debug|Any CPU.Build.0 = Debug|Any CPU
		{951DB272-F346-4DDF-9743-742734E1385E}.Debug|Mixed Platforms.ActiveCfg = Debug|Any CPU
		{951DB272-F346-4DDF-9743-742734E1385E}.Debug|Mixed Platforms.Build.0 = Debug|Any CPU
		{951DB272-F346-4DDF-9743-742734E1385E}.Debug|x86.ActiveCfg = Debug|Any CPU
		{951DB272-F346-4DDF-9743-742734E1385E}.Debug|x86.Build.0 = Debug|Any CPU
		{951DB272-F346-4DDF-9743-742734E1385E}.DVD-5|Any CPU.ActiveCfg = Debug|Any CPU
		{951DB272-F346-4DDF-9743-742734E1385E}.DVD-5|Any CPU.Build.0 = Debug|Any CPU
		{951DB272-F346-4DDF-9743-742734E1385E}.DVD-5|Mixed Platforms.ActiveCfg = Debug|Any CPU
		{951DB272-F346-4DDF-9743-742734E1385E}.DVD-5|Mixed Platforms.Build.0 = Debug|Any CPU
		{951DB272-F346-4DDF-9743-742734E1385E}.DVD-5|x86.ActiveCfg = Debug|Any CPU
		{951DB272-F346-4DDF-9743-742734E1385E}.DVD-5|x86.Build.0 = Debug|Any CPU
		{951DB272-F346-4DDF-9743-742734E1385E}.Release|Any CPU.ActiveCfg = Release|Any CPU
		{951DB272-F346-4DDF-9743-742734E1385E}.Release|Any CPU.Build.0 = Release|Any CPU
		{951DB272-F346-4DDF-9743-742734E1385E}.Release|Mixed Platforms.ActiveCfg = Release|Any CPU
		{951DB272-F346-4DDF-9743-742734E1385E}.Release|Mixed Platforms.Build.0 = Release|Any CPU
		{951DB272-F346-4DDF-9743-742734E1385E}.Release|x86.ActiveCfg = Release|Any CPU
		{951DB272-F346-4DDF-9743-742734E1385E}.Release|x86.Build.0 = Release|Any CPU
		{951DB272-F346-4DDF-9743-742734E1385E}.SingleImage|Any CPU.ActiveCfg = Release|Any CPU
		{951DB272-F346-4DDF-9743-742734E1385E}.SingleImage|Any CPU.Build.0 = Release|Any CPU
		{951DB272-F346-4DDF-9743-742734E1385E}.SingleImage|Mixed Platforms.ActiveCfg = Release|Any CPU
		{951DB272-F346-4DDF-9743-742734E1385E}.SingleImage|Mixed Platforms.Build.0 = Release|Any CPU
		{951DB272-F346-4DDF-9743-742734E1385E}.SingleImage|x86.ActiveCfg = Release|Any CPU
		{951DB272-F346-4DDF-9743-742734E1385E}.SingleImage|x86.Build.0 = Release|Any CPU
		{7802ED26-3080-4F93-99A4-120E65BB5AB6}.CD_ROM|Any CPU.ActiveCfg = Release|Any CPU
		{7802ED26-3080-4F93-99A4-120E65BB5AB6}.CD_ROM|Any CPU.Build.0 = Release|Any CPU
		{7802ED26-3080-4F93-99A4-120E65BB5AB6}.CD_ROM|Mixed Platforms.ActiveCfg = Release|Any CPU
		{7802ED26-3080-4F93-99A4-120E65BB5AB6}.CD_ROM|Mixed Platforms.Build.0 = Release|Any CPU
		{7802ED26-3080-4F93-99A4-120E65BB5AB6}.CD_ROM|x86.ActiveCfg = Release|Any CPU
		{7802ED26-3080-4F93-99A4-120E65BB5AB6}.CD_ROM|x86.Build.0 = Release|Any CPU
		{7802ED26-3080-4F93-99A4-120E65BB5AB6}.Debug|Any CPU.ActiveCfg = Debug|Any CPU
		{7802ED26-3080-4F93-99A4-120E65BB5AB6}.Debug|Any CPU.Build.0 = Debug|Any CPU
		{7802ED26-3080-4F93-99A4-120E65BB5AB6}.Debug|Mixed Platforms.ActiveCfg = Debug|Any CPU
		{7802ED26-3080-4F93-99A4-120E65BB5AB6}.Debug|Mixed Platforms.Build.0 = Debug|Any CPU
		{7802ED26-3080-4F93-99A4-120E65BB5AB6}.Debug|x86.ActiveCfg = Debug|Any CPU
		{7802ED26-3080-4F93-99A4-120E65BB5AB6}.Debug|x86.Build.0 = Debug|Any CPU
		{7802ED26-3080-4F93-99A4-120E65BB5AB6}.DVD-5|Any CPU.ActiveCfg = Debug|Any CPU
		{7802ED26-3080-4F93-99A4-120E65BB5AB6}.DVD-5|Any CPU.Build.0 = Debug|Any CPU
		{7802ED26-3080-4F93-99A4-120E65BB5AB6}.DVD-5|Mixed Platforms.ActiveCfg = Debug|Any CPU
		{7802ED26-3080-4F93-99A4-120E65BB5AB6}.DVD-5|Mixed Platforms.Build.0 = Debug|Any CPU
		{7802ED26-3080-4F93-99A4-120E65BB5AB6}.DVD-5|x86.ActiveCfg = Debug|Any CPU
		{7802ED26-3080-4F93-99A4-120E65BB5AB6}.DVD-5|x86.Build.0 = Debug|Any CPU
		{7802ED26-3080-4F93-99A4-120E65BB5AB6}.Release|Any CPU.ActiveCfg = Release|Any CPU
		{7802ED26-3080-4F93-99A4-120E65BB5AB6}.Release|Any CPU.Build.0 = Release|Any CPU
		{7802ED26-3080-4F93-99A4-120E65BB5AB6}.Release|Mixed Platforms.ActiveCfg = Release|Any CPU
		{7802ED26-3080-4F93-99A4-120E65BB5AB6}.Release|Mixed Platforms.Build.0 = Release|Any CPU
		{7802ED26-3080-4F93-99A4-120E65BB5AB6}.Release|x86.ActiveCfg = Release|Any CPU
		{7802ED26-3080-4F93-99A4-120E65BB5AB6}.Release|x86.Build.0 = Release|Any CPU
		{7802ED26-3080-4F93-99A4-120E65BB5AB6}.SingleImage|Any CPU.ActiveCfg = Release|Any CPU
		{7802ED26-3080-4F93-99A4-120E65BB5AB6}.SingleImage|Any CPU.Build.0 = Release|Any CPU
		{7802ED26-3080-4F93-99A4-120E65BB5AB6}.SingleImage|Mixed Platforms.ActiveCfg = Release|Any CPU
		{7802ED26-3080-4F93-99A4-120E65BB5AB6}.SingleImage|Mixed Platforms.Build.0 = Release|Any CPU
		{7802ED26-3080-4F93-99A4-120E65BB5AB6}.SingleImage|x86.ActiveCfg = Release|Any CPU
		{7802ED26-3080-4F93-99A4-120E65BB5AB6}.SingleImage|x86.Build.0 = Release|Any CPU
		{AEC91D41-3307-4795-B942-BA4AB11E84B7}.CD_ROM|Any CPU.ActiveCfg = Release|Any CPU
		{AEC91D41-3307-4795-B942-BA4AB11E84B7}.CD_ROM|Any CPU.Build.0 = Release|Any CPU
		{AEC91D41-3307-4795-B942-BA4AB11E84B7}.CD_ROM|Mixed Platforms.ActiveCfg = Release|Any CPU
		{AEC91D41-3307-4795-B942-BA4AB11E84B7}.CD_ROM|Mixed Platforms.Build.0 = Release|Any CPU
		{AEC91D41-3307-4795-B942-BA4AB11E84B7}.CD_ROM|x86.ActiveCfg = Release|Any CPU
		{AEC91D41-3307-4795-B942-BA4AB11E84B7}.CD_ROM|x86.Build.0 = Release|Any CPU
		{AEC91D41-3307-4795-B942-BA4AB11E84B7}.Debug|Any CPU.ActiveCfg = Debug|Any CPU
		{AEC91D41-3307-4795-B942-BA4AB11E84B7}.Debug|Any CPU.Build.0 = Debug|Any CPU
		{AEC91D41-3307-4795-B942-BA4AB11E84B7}.Debug|Mixed Platforms.ActiveCfg = Debug|Any CPU
		{AEC91D41-3307-4795-B942-BA4AB11E84B7}.Debug|Mixed Platforms.Build.0 = Debug|Any CPU
		{AEC91D41-3307-4795-B942-BA4AB11E84B7}.Debug|x86.ActiveCfg = Debug|Any CPU
		{AEC91D41-3307-4795-B942-BA4AB11E84B7}.Debug|x86.Build.0 = Debug|Any CPU
		{AEC91D41-3307-4795-B942-BA4AB11E84B7}.DVD-5|Any CPU.ActiveCfg = Debug|Any CPU
		{AEC91D41-3307-4795-B942-BA4AB11E84B7}.DVD-5|Any CPU.Build.0 = Debug|Any CPU
		{AEC91D41-3307-4795-B942-BA4AB11E84B7}.DVD-5|Mixed Platforms.ActiveCfg = Debug|Any CPU
		{AEC91D41-3307-4795-B942-BA4AB11E84B7}.DVD-5|Mixed Platforms.Build.0 = Debug|Any CPU
		{AEC91D41-3307-4795-B942-BA4AB11E84B7}.DVD-5|x86.ActiveCfg = Debug|Any CPU
		{AEC91D41-3307-4795-B942-BA4AB11E84B7}.DVD-5|x86.Build.0 = Debug|Any CPU
		{AEC91D41-3307-4795-B942-BA4AB11E84B7}.Release|Any CPU.ActiveCfg = Release|Any CPU
		{AEC91D41-3307-4795-B942-BA4AB11E84B7}.Release|Any CPU.Build.0 = Release|Any CPU
		{AEC91D41-3307-4795-B942-BA4AB11E84B7}.Release|Mixed Platforms.ActiveCfg = Release|Any CPU
		{AEC91D41-3307-4795-B942-BA4AB11E84B7}.Release|Mixed Platforms.Build.0 = Release|Any CPU
		{AEC91D41-3307-4795-B942-BA4AB11E84B7}.Release|x86.ActiveCfg = Release|Any CPU
		{AEC91D41-3307-4795-B942-BA4AB11E84B7}.Release|x86.Build.0 = Release|Any CPU
		{AEC91D41-3307-4795-B942-BA4AB11E84B7}.SingleImage|Any CPU.ActiveCfg = Release|Any CPU
		{AEC91D41-3307-4795-B942-BA4AB11E84B7}.SingleImage|Any CPU.Build.0 = Release|Any CPU
		{AEC91D41-3307-4795-B942-BA4AB11E84B7}.SingleImage|Mixed Platforms.ActiveCfg = Release|Any CPU
		{AEC91D41-3307-4795-B942-BA4AB11E84B7}.SingleImage|Mixed Platforms.Build.0 = Release|Any CPU
		{AEC91D41-3307-4795-B942-BA4AB11E84B7}.SingleImage|x86.ActiveCfg = Release|Any CPU
		{AEC91D41-3307-4795-B942-BA4AB11E84B7}.SingleImage|x86.Build.0 = Release|Any CPU
		{3DD4AA19-7FF0-4853-A860-2B45EA282DB1}.CD_ROM|Any CPU.ActiveCfg = Debug|Any CPU
		{3DD4AA19-7FF0-4853-A860-2B45EA282DB1}.CD_ROM|Any CPU.Build.0 = Debug|Any CPU
		{3DD4AA19-7FF0-4853-A860-2B45EA282DB1}.CD_ROM|Mixed Platforms.ActiveCfg = Debug|Any CPU
		{3DD4AA19-7FF0-4853-A860-2B45EA282DB1}.CD_ROM|Mixed Platforms.Build.0 = Debug|Any CPU
		{3DD4AA19-7FF0-4853-A860-2B45EA282DB1}.CD_ROM|x86.ActiveCfg = Debug|Any CPU
		{3DD4AA19-7FF0-4853-A860-2B45EA282DB1}.CD_ROM|x86.Build.0 = Debug|Any CPU
		{3DD4AA19-7FF0-4853-A860-2B45EA282DB1}.Debug|Any CPU.ActiveCfg = Debug|Any CPU
		{3DD4AA19-7FF0-4853-A860-2B45EA282DB1}.Debug|Any CPU.Build.0 = Debug|Any CPU
		{3DD4AA19-7FF0-4853-A860-2B45EA282DB1}.Debug|Mixed Platforms.ActiveCfg = Debug|Any CPU
		{3DD4AA19-7FF0-4853-A860-2B45EA282DB1}.Debug|Mixed Platforms.Build.0 = Debug|Any CPU
		{3DD4AA19-7FF0-4853-A860-2B45EA282DB1}.Debug|x86.ActiveCfg = Debug|Any CPU
		{3DD4AA19-7FF0-4853-A860-2B45EA282DB1}.Debug|x86.Build.0 = Debug|Any CPU
		{3DD4AA19-7FF0-4853-A860-2B45EA282DB1}.DVD-5|Any CPU.ActiveCfg = Debug|Any CPU
		{3DD4AA19-7FF0-4853-A860-2B45EA282DB1}.DVD-5|Any CPU.Build.0 = Debug|Any CPU
		{3DD4AA19-7FF0-4853-A860-2B45EA282DB1}.DVD-5|Mixed Platforms.ActiveCfg = Debug|Any CPU
		{3DD4AA19-7FF0-4853-A860-2B45EA282DB1}.DVD-5|Mixed Platforms.Build.0 = Debug|Any CPU
		{3DD4AA19-7FF0-4853-A860-2B45EA282DB1}.DVD-5|x86.ActiveCfg = Debug|Any CPU
		{3DD4AA19-7FF0-4853-A860-2B45EA282DB1}.DVD-5|x86.Build.0 = Debug|Any CPU
		{3DD4AA19-7FF0-4853-A860-2B45EA282DB1}.Release|Any CPU.ActiveCfg = Release|Any CPU
		{3DD4AA19-7FF0-4853-A860-2B45EA282DB1}.Release|Any CPU.Build.0 = Release|Any CPU
		{3DD4AA19-7FF0-4853-A860-2B45EA282DB1}.Release|Mixed Platforms.ActiveCfg = Release|Any CPU
		{3DD4AA19-7FF0-4853-A860-2B45EA282DB1}.Release|Mixed Platforms.Build.0 = Release|Any CPU
		{3DD4AA19-7FF0-4853-A860-2B45EA282DB1}.Release|x86.ActiveCfg = Release|Any CPU
		{3DD4AA19-7FF0-4853-A860-2B45EA282DB1}.Release|x86.Build.0 = Release|Any CPU
		{3DD4AA19-7FF0-4853-A860-2B45EA282DB1}.SingleImage|Any CPU.ActiveCfg = Debug|Any CPU
		{3DD4AA19-7FF0-4853-A860-2B45EA282DB1}.SingleImage|Any CPU.Build.0 = Debug|Any CPU
		{3DD4AA19-7FF0-4853-A860-2B45EA282DB1}.SingleImage|Mixed Platforms.ActiveCfg = Debug|Any CPU
		{3DD4AA19-7FF0-4853-A860-2B45EA282DB1}.SingleImage|Mixed Platforms.Build.0 = Debug|Any CPU
		{3DD4AA19-7FF0-4853-A860-2B45EA282DB1}.SingleImage|x86.ActiveCfg = Debug|Any CPU
		{3DD4AA19-7FF0-4853-A860-2B45EA282DB1}.SingleImage|x86.Build.0 = Debug|Any CPU
		{6B235AED-0400-4D7D-ACCA-C5AC8E871A2B}.CD_ROM|Any CPU.ActiveCfg = Debug|Any CPU
		{6B235AED-0400-4D7D-ACCA-C5AC8E871A2B}.CD_ROM|Any CPU.Build.0 = Debug|Any CPU
		{6B235AED-0400-4D7D-ACCA-C5AC8E871A2B}.CD_ROM|Mixed Platforms.ActiveCfg = Debug|Any CPU
		{6B235AED-0400-4D7D-ACCA-C5AC8E871A2B}.CD_ROM|Mixed Platforms.Build.0 = Debug|Any CPU
		{6B235AED-0400-4D7D-ACCA-C5AC8E871A2B}.CD_ROM|x86.ActiveCfg = Debug|Any CPU
		{6B235AED-0400-4D7D-ACCA-C5AC8E871A2B}.CD_ROM|x86.Build.0 = Debug|Any CPU
		{6B235AED-0400-4D7D-ACCA-C5AC8E871A2B}.Debug|Any CPU.ActiveCfg = Debug|Any CPU
		{6B235AED-0400-4D7D-ACCA-C5AC8E871A2B}.Debug|Any CPU.Build.0 = Debug|Any CPU
		{6B235AED-0400-4D7D-ACCA-C5AC8E871A2B}.Debug|Mixed Platforms.ActiveCfg = Debug|Any CPU
		{6B235AED-0400-4D7D-ACCA-C5AC8E871A2B}.Debug|Mixed Platforms.Build.0 = Debug|Any CPU
		{6B235AED-0400-4D7D-ACCA-C5AC8E871A2B}.Debug|x86.ActiveCfg = Debug|Any CPU
		{6B235AED-0400-4D7D-ACCA-C5AC8E871A2B}.Debug|x86.Build.0 = Debug|Any CPU
		{6B235AED-0400-4D7D-ACCA-C5AC8E871A2B}.DVD-5|Any CPU.ActiveCfg = Debug|Any CPU
		{6B235AED-0400-4D7D-ACCA-C5AC8E871A2B}.DVD-5|Any CPU.Build.0 = Debug|Any CPU
		{6B235AED-0400-4D7D-ACCA-C5AC8E871A2B}.DVD-5|Mixed Platforms.ActiveCfg = Debug|Any CPU
		{6B235AED-0400-4D7D-ACCA-C5AC8E871A2B}.DVD-5|Mixed Platforms.Build.0 = Debug|Any CPU
		{6B235AED-0400-4D7D-ACCA-C5AC8E871A2B}.DVD-5|x86.ActiveCfg = Debug|Any CPU
		{6B235AED-0400-4D7D-ACCA-C5AC8E871A2B}.DVD-5|x86.Build.0 = Debug|Any CPU
		{6B235AED-0400-4D7D-ACCA-C5AC8E871A2B}.Release|Any CPU.ActiveCfg = Release|Any CPU
		{6B235AED-0400-4D7D-ACCA-C5AC8E871A2B}.Release|Any CPU.Build.0 = Release|Any CPU
		{6B235AED-0400-4D7D-ACCA-C5AC8E871A2B}.Release|Mixed Platforms.ActiveCfg = Release|Any CPU
		{6B235AED-0400-4D7D-ACCA-C5AC8E871A2B}.Release|Mixed Platforms.Build.0 = Release|Any CPU
		{6B235AED-0400-4D7D-ACCA-C5AC8E871A2B}.Release|x86.ActiveCfg = Release|Any CPU
		{6B235AED-0400-4D7D-ACCA-C5AC8E871A2B}.Release|x86.Build.0 = Release|Any CPU
		{6B235AED-0400-4D7D-ACCA-C5AC8E871A2B}.SingleImage|Any CPU.ActiveCfg = Debug|Any CPU
		{6B235AED-0400-4D7D-ACCA-C5AC8E871A2B}.SingleImage|Any CPU.Build.0 = Debug|Any CPU
		{6B235AED-0400-4D7D-ACCA-C5AC8E871A2B}.SingleImage|Mixed Platforms.ActiveCfg = Debug|Any CPU
		{6B235AED-0400-4D7D-ACCA-C5AC8E871A2B}.SingleImage|Mixed Platforms.Build.0 = Debug|Any CPU
		{6B235AED-0400-4D7D-ACCA-C5AC8E871A2B}.SingleImage|x86.ActiveCfg = Debug|Any CPU
		{6B235AED-0400-4D7D-ACCA-C5AC8E871A2B}.SingleImage|x86.Build.0 = Debug|Any CPU
	EndGlobalSection
	GlobalSection(SolutionProperties) = preSolution
		HideSolutionNode = FALSE
	EndGlobalSection
	GlobalSection(ExtensibilityGlobals) = postSolution
		SolutionGuid = {D874D477-4CAC-4D5F-B829-5D379380DE13}
	EndGlobalSection
EndGlobal
